
Microsoft Visual Studio Solution File, Format Version 12.00
# Visual Studio Version 17
VisualStudioVersion = 17.0.31903.59
MinimumVisualStudioVersion = 10.0.40219.1
Project("{FAE04EC0-301F-11D3-BF4B-00C04F79EFBC}") = "TestCancel", "TestCancel\TestCancel.csproj", "{DDBECE2D-F820-4BD7-8CDE-A8413F89038A}"
EndProject
Global
	GlobalSection(SolutionConfigurationPlatforms) = preSolution
		Debug|Any CPU = Debug|Any CPU
		Release|Any CPU = Release|Any CPU
	EndGlobalSection
	GlobalSection(ProjectConfigurationPlatforms) = postSolution
		{DDBECE2D-F820-4BD7-8CDE-A8413F89038A}.Debug|Any CPU.ActiveCfg = Debug|Any CPU
		{DDBECE2D-F820-4BD7-8CDE-A8413F89038A}.Debug|Any CPU.Build.0 = Debug|Any CPU
		{DDBECE2D-F820-4BD7-8CDE-A8413F89038A}.Release|Any CPU.ActiveCfg = Release|Any CPU
		{DDBECE2D-F820-4BD7-8CDE-A8413F89038A}.Release|Any CPU.Build.0 = Release|Any CPU
	EndGlobalSection
	GlobalSection(SolutionProperties) = preSolution
		HideSolutionNode = FALSE
	EndGlobalSection
	GlobalSection(ExtensibilityGlobals) = postSolution
		SolutionGuid = {BB99CBBB-EA58-48F5-9387-692631BB59EB}
	EndGlobalSection
EndGlobal
